
Microsoft Visual Studio Solution File, Format Version 12.00
# Visual Studio 15
VisualStudioVersion = 15.0.27130.2010
MinimumVisualStudioVersion = 10.0.40219.1
Project("{FAE04EC0-301F-11D3-BF4B-00C04F79EFBC}") = "ASarWebApi", "ASarWebApi\ASarWebApi.csproj", "{B96CB838-77AE-4935-B31C-AC57F3322D66}"
EndProject
Project("{FAE04EC0-301F-11D3-BF4B-00C04F79EFBC}") = "ASarWebApi.Tests", "ASarWebApi.Tests\ASarWebApi.Tests.csproj", "{38CBCEC0-6F7C-4AF3-9F59-B2251AC75EC0}"
EndProject
Global
	GlobalSection(SolutionConfigurationPlatforms) = preSolution
		Debug|Any CPU = Debug|Any CPU
		Release|Any CPU = Release|Any CPU
	EndGlobalSection
	GlobalSection(ProjectConfigurationPlatforms) = postSolution
		{B96CB838-77AE-4935-B31C-AC57F3322D66}.Debug|Any CPU.ActiveCfg = Debug|Any CPU
		{B96CB838-77AE-4935-B31C-AC57F3322D66}.Debug|Any CPU.Build.0 = Debug|Any CPU
		{B96CB838-77AE-4935-B31C-AC57F3322D66}.Release|Any CPU.ActiveCfg = Release|Any CPU
		{B96CB838-77AE-4935-B31C-AC57F3322D66}.Release|Any CPU.Build.0 = Release|Any CPU
		{38CBCEC0-6F7C-4AF3-9F59-B2251AC75EC0}.Debug|Any CPU.ActiveCfg = Debug|Any CPU
		{38CBCEC0-6F7C-4AF3-9F59-B2251AC75EC0}.Debug|Any CPU.Build.0 = Debug|Any CPU
		{38CBCEC0-6F7C-4AF3-9F59-B2251AC75EC0}.Release|Any CPU.ActiveCfg = Release|Any CPU
		{38CBCEC0-6F7C-4AF3-9F59-B2251AC75EC0}.Release|Any CPU.Build.0 = Release|Any CPU
	EndGlobalSection
	GlobalSection(SolutionProperties) = preSolution
		HideSolutionNode = FALSE
	EndGlobalSection
	GlobalSection(ExtensibilityGlobals) = postSolution
		SolutionGuid = {8835C54D-3A44-4547-BE25-0DB5C0E0E003}
	EndGlobalSection
EndGlobal
